
Microsoft Visual Studio Solution File, Format Version 12.00
# Visual Studio Version 17
VisualStudioVersion = 17.0.32014.148
MinimumVisualStudioVersion = 10.0.40219.1
Project("{FAE04EC0-301F-11D3-BF4B-00C04F79EFBC}") = "BasicsTraining", "BasicsTraining\BasicsTraining.csproj", "{9B16C1E6-F1A7-4B8A-B133-BC655717D32E}"
EndProject
Global
	GlobalSection(SolutionConfigurationPlatforms) = preSolution
		Debug|Any CPU = Debug|Any CPU
		Release|Any CPU = Release|Any CPU
	EndGlobalSection
	GlobalSection(ProjectConfigurationPlatforms) = postSolution
		{9B16C1E6-F1A7-4B8A-B133-BC655717D32E}.Debug|Any CPU.ActiveCfg = Debug|Any CPU
		{9B16C1E6-F1A7-4B8A-B133-BC655717D32E}.Debug|Any CPU.Build.0 = Debug|Any CPU
		{9B16C1E6-F1A7-4B8A-B133-BC655717D32E}.Release|Any CPU.ActiveCfg = Release|Any CPU
		{9B16C1E6-F1A7-4B8A-B133-BC655717D32E}.Release|Any CPU.Build.0 = Release|Any CPU
	EndGlobalSection
	GlobalSection(SolutionProperties) = preSolution
		HideSolutionNode = FALSE
	EndGlobalSection
	GlobalSection(ExtensibilityGlobals) = postSolution
		SolutionGuid = {BE31B996-9BB2-4022-8147-C6429B3B4058}
	EndGlobalSection
EndGlobal
